
Microsoft Visual Studio Solution File, Format Version 12.00
# Visual Studio 2013
VisualStudioVersion = 12.0.21005.1
MinimumVisualStudioVersion = 10.0.40219.1
Project("{FAE04EC0-301F-11D3-BF4B-00C04F79EFBC}") = "Beisen.CollegeCareer.Dev", "Beisen.CollegeCareer.Dev\Beisen.CollegeCareer.Dev.csproj", "{CBACF55E-C93F-4814-910C-90B6D063614D}"
EndProject
Global
	GlobalSection(SolutionConfigurationPlatforms) = preSolution
		Debug|Any CPU = Debug|Any CPU
		Release|Any CPU = Release|Any CPU
	EndGlobalSection
	GlobalSection(ProjectConfigurationPlatforms) = postSolution
		{CBACF55E-C93F-4814-910C-90B6D063614D}.Debug|Any CPU.ActiveCfg = Debug|Any CPU
		{CBACF55E-C93F-4814-910C-90B6D063614D}.Debug|Any CPU.Build.0 = Debug|Any CPU
		{CBACF55E-C93F-4814-910C-90B6D063614D}.Release|Any CPU.ActiveCfg = Release|Any CPU
		{CBACF55E-C93F-4814-910C-90B6D063614D}.Release|Any CPU.Build.0 = Release|Any CPU
	EndGlobalSection
	GlobalSection(SolutionProperties) = preSolution
		HideSolutionNode = FALSE
	EndGlobalSection
EndGlobal
